// !$*UTF8*$!
{
	archiveVersion = 1;
	classes = {
	};
	objectVersion = 77;
	objects = {

/* Begin PBXFileReference section */
                D411ADBD2DE078AE00E1779D /* Jimmy.app */ = {isa = PBXFileReference; explicitFileType = wrapper.application; includeInIndex = 0; path = Jimmy.app; sourceTree = BUILT_PRODUCTS_DIR; };
                6883b14d4c38a00040ab4587 /* JimmyTests.xctest */ = {isa = PBXFileReference; explicitFileType = wrapper.cfbundle; includeInIndex = 0; path = JimmyTests.xctest; sourceTree = BUILT_PRODUCTS_DIR; };
/* End PBXFileReference section */

/* Begin PBXFileSystemSynchronizedBuildFileExceptionSet section */
                D4741FE52DE108DE00E4FC5D /* Exceptions for "Jimmy" folder in "Jimmy" target */ = {
                        isa = PBXFileSystemSynchronizedBuildFileExceptionSet;
                        membershipExceptions = (
                                Info.plist,
                        );
                        target = D411ADBC2DE078AE00E1779D /* Jimmy */;
                };
                4f7129e513d24a17979f9d9a /* Exceptions for "JimmyTests" folder in "JimmyTests" target */ = {
                        isa = PBXFileSystemSynchronizedBuildFileExceptionSet;
                        membershipExceptions = (
                                Info.plist,
                        );
                        target = fa7cfa869fea8b7ccc3ff7e7 /* JimmyTests */;
                };
/* End PBXFileSystemSynchronizedBuildFileExceptionSet section */

/* Begin PBXFileSystemSynchronizedRootGroup section */
                D411ADBF2DE078AE00E1779D /* Jimmy */ = {
                        isa = PBXFileSystemSynchronizedRootGroup;
                        exceptions = (
                                D4741FE52DE108DE00E4FC5D /* Exceptions for "Jimmy" folder in "Jimmy" target */,
                        );
                        path = Jimmy;
                        sourceTree = "<group>";
                };
                72f1a162887c44158c67ea57 /* JimmyTests */ = {
                        isa = PBXFileSystemSynchronizedRootGroup;
                        exceptions = (
                                4f7129e513d24a17979f9d9a /* Exceptions for "JimmyTests" folder in "JimmyTests" target */,
                        );
                        path = JimmyTests;
                        sourceTree = "<group>";
                };
/* End PBXFileSystemSynchronizedRootGroup section */

/* Begin PBXFrameworksBuildPhase section */
                D411ADBA2DE078AE00E1779D /* Frameworks */ = {
                        isa = PBXFrameworksBuildPhase;
                        buildActionMask = 2147483647;
                        files = (
                        );
                        runOnlyForDeploymentPostprocessing = 0;
                };
                690f2862677e0460c67eade6 /* Frameworks */ = {
                        isa = PBXFrameworksBuildPhase;
                        buildActionMask = 2147483647;
                        files = (
                        );
                        runOnlyForDeploymentPostprocessing = 0;
                };
/* End PBXFrameworksBuildPhase section */

/* Begin PBXGroup section */
                D411ADB42DE078AE00E1779D = {
                        isa = PBXGroup;
                        children = (
                                D411ADBF2DE078AE00E1779D /* Jimmy */,
                                72f1a162887c44158c67ea57 /* JimmyTests */,
                                D411ADBE2DE078AE00E1779D /* Products */,
                        );
                        sourceTree = "<group>";
                };
                D411ADBE2DE078AE00E1779D /* Products */ = {
                        isa = PBXGroup;
                        children = (
                                D411ADBD2DE078AE00E1779D /* Jimmy.app */,
                                6883b14d4c38a00040ab4587 /* JimmyTests.xctest */,
                        );
                        name = Products;
                        sourceTree = "<group>";
                };
/* End PBXGroup section */

/* Begin PBXNativeTarget section */
                D411ADBC2DE078AE00E1779D /* Jimmy */ = {
                        isa = PBXNativeTarget;
                        buildConfigurationList = D411ADC82DE078AF00E1779D /* Build configuration list for PBXNativeTarget "Jimmy" */;
                        buildPhases = (
                                D411ADB92DE078AE00E1779D /* Sources */,
                                D411ADBA2DE078AE00E1779D /* Frameworks */,
                                D411ADBB2DE078AE00E1779D /* Resources */,
                        );
                        buildRules = (
                        );
                        dependencies = (
                        );
                        fileSystemSynchronizedGroups = (
                                D411ADBF2DE078AE00E1779D /* Jimmy */,
                        );
                        name = Jimmy;
                        packageProductDependencies = (
                        );
                        productName = Jimmy;
                        productReference = D411ADBD2DE078AE00E1779D /* Jimmy.app */;
                        productType = "com.apple.product-type.application";
                };
                fa7cfa869fea8b7ccc3ff7e7 /* JimmyTests */ = {
                        isa = PBXNativeTarget;
                        buildConfigurationList = 2e34550305444bafa5e81198 /* Build configuration list for PBXNativeTarget "JimmyTests" */;
                        buildPhases = (
                                98686f9f20cfafcada382ee5 /* Sources */,
                                690f2862677e0460c67eade6 /* Frameworks */,
                                bf34b9982948a519f9005092 /* Resources */,
                        );
                        buildRules = (
                        );
                        dependencies = (
                        );
                        fileSystemSynchronizedGroups = (
                                72f1a162887c44158c67ea57 /* JimmyTests */,
                        );
                        name = JimmyTests;
                        packageProductDependencies = (
                        );
                        productName = JimmyTests;
                        productReference = 6883b14d4c38a00040ab4587 /* JimmyTests.xctest */;
                        productType = "com.apple.product-type.bundle.unit-test";
                };
/* End PBXNativeTarget section */

/* Begin PBXProject section */
		D411ADB52DE078AE00E1779D /* Project object */ = {
			isa = PBXProject;
			attributes = {
				BuildIndependentTargetsInParallel = 1;
				LastSwiftUpdateCheck = 1630;
				LastUpgradeCheck = 1630;
				TargetAttributes = {
					D411ADBC2DE078AE00E1779D = {
						CreatedOnToolsVersion = 16.3;
					};
				};
			};
			buildConfigurationList = D411ADB82DE078AE00E1779D /* Build configuration list for PBXProject "Jimmy" */;
			developmentRegion = en;
			hasScannedForEncodings = 0;
			knownRegions = (
				en,
				Base,
			);
			mainGroup = D411ADB42DE078AE00E1779D;
			minimizedProjectReferenceProxies = 1;
			preferredProjectObjectVersion = 77;
			productRefGroup = D411ADBE2DE078AE00E1779D /* Products */;
			projectDirPath = "";
			projectRoot = "";
                        targets = (
                                D411ADBC2DE078AE00E1779D /* Jimmy */,
                                fa7cfa869fea8b7ccc3ff7e7 /* JimmyTests */,
                        );
                };
/* End PBXProject section */

/* Begin PBXResourcesBuildPhase section */
                D411ADBB2DE078AE00E1779D /* Resources */ = {
                        isa = PBXResourcesBuildPhase;
                        buildActionMask = 2147483647;
                        files = (
                        );
                        runOnlyForDeploymentPostprocessing = 0;
                };
                bf34b9982948a519f9005092 /* Resources */ = {
                        isa = PBXResourcesBuildPhase;
                        buildActionMask = 2147483647;
                        files = (
                        );
                        runOnlyForDeploymentPostprocessing = 0;
                };
/* End PBXResourcesBuildPhase section */

/* Begin PBXSourcesBuildPhase section */
                D411ADB92DE078AE00E1779D /* Sources */ = {
                        isa = PBXSourcesBuildPhase;
                        buildActionMask = 2147483647;
                        files = (
                        );
                        runOnlyForDeploymentPostprocessing = 0;
                };
                98686f9f20cfafcada382ee5 /* Sources */ = {
                        isa = PBXSourcesBuildPhase;
                        buildActionMask = 2147483647;
                        files = (
                        );
                        runOnlyForDeploymentPostprocessing = 0;
                };
/* End PBXSourcesBuildPhase section */

/* Begin XCBuildConfiguration section */
		D411ADC62DE078AF00E1779D /* Debug */ = {
			isa = XCBuildConfiguration;
			buildSettings = {
				ALWAYS_SEARCH_USER_PATHS = NO;
				ASSETCATALOG_COMPILER_GENERATE_SWIFT_ASSET_SYMBOL_EXTENSIONS = YES;
				CLANG_ANALYZER_NONNULL = YES;
				CLANG_ANALYZER_NUMBER_OBJECT_CONVERSION = YES_AGGRESSIVE;
				CLANG_CXX_LANGUAGE_STANDARD = "gnu++20";
				CLANG_ENABLE_MODULES = YES;
				CLANG_ENABLE_OBJC_ARC = YES;
				CLANG_ENABLE_OBJC_WEAK = YES;
				CLANG_WARN_BLOCK_CAPTURE_AUTORELEASING = YES;
				CLANG_WARN_BOOL_CONVERSION = YES;
				CLANG_WARN_COMMA = YES;
				CLANG_WARN_CONSTANT_CONVERSION = YES;
				CLANG_WARN_DEPRECATED_OBJC_IMPLEMENTATIONS = YES;
				CLANG_WARN_DIRECT_OBJC_ISA_USAGE = YES_ERROR;
				CLANG_WARN_DOCUMENTATION_COMMENTS = YES;
				CLANG_WARN_EMPTY_BODY = YES;
				CLANG_WARN_ENUM_CONVERSION = YES;
				CLANG_WARN_INFINITE_RECURSION = YES;
				CLANG_WARN_INT_CONVERSION = YES;
				CLANG_WARN_NON_LITERAL_NULL_CONVERSION = YES;
				CLANG_WARN_OBJC_IMPLICIT_RETAIN_SELF = YES;
				CLANG_WARN_OBJC_LITERAL_CONVERSION = YES;
				CLANG_WARN_OBJC_ROOT_CLASS = YES_ERROR;
				CLANG_WARN_QUOTED_INCLUDE_IN_FRAMEWORK_HEADER = YES;
				CLANG_WARN_RANGE_LOOP_ANALYSIS = YES;
				CLANG_WARN_STRICT_PROTOTYPES = YES;
				CLANG_WARN_SUSPICIOUS_MOVE = YES;
				CLANG_WARN_UNGUARDED_AVAILABILITY = YES_AGGRESSIVE;
				CLANG_WARN_UNREACHABLE_CODE = YES;
				CLANG_WARN__DUPLICATE_METHOD_MATCH = YES;
				COPY_PHASE_STRIP = NO;
				DEBUG_INFORMATION_FORMAT = dwarf;
				ENABLE_STRICT_OBJC_MSGSEND = YES;
				ENABLE_TESTABILITY = YES;
				ENABLE_USER_SCRIPT_SANDBOXING = YES;
				GCC_C_LANGUAGE_STANDARD = gnu17;
				GCC_DYNAMIC_NO_PIC = NO;
				GCC_NO_COMMON_BLOCKS = YES;
				GCC_OPTIMIZATION_LEVEL = 0;
				GCC_PREPROCESSOR_DEFINITIONS = (
					"DEBUG=1",
					"$(inherited)",
				);
				GCC_WARN_64_TO_32_BIT_CONVERSION = YES;
				GCC_WARN_ABOUT_RETURN_TYPE = YES_ERROR;
				GCC_WARN_UNDECLARED_SELECTOR = YES;
				GCC_WARN_UNINITIALIZED_AUTOS = YES_AGGRESSIVE;
				GCC_WARN_UNUSED_FUNCTION = YES;
				GCC_WARN_UNUSED_VARIABLE = YES;
				IPHONEOS_DEPLOYMENT_TARGET = 18.4;
				LOCALIZATION_PREFERS_STRING_CATALOGS = YES;
				MTL_ENABLE_DEBUG_INFO = INCLUDE_SOURCE;
				MTL_FAST_MATH = YES;
				ONLY_ACTIVE_ARCH = YES;
				SDKROOT = iphoneos;
				SWIFT_ACTIVE_COMPILATION_CONDITIONS = "DEBUG $(inherited)";
				SWIFT_OPTIMIZATION_LEVEL = "-Onone";
			};
			name = Debug;
		};
		D411ADC72DE078AF00E1779D /* Release */ = {
			isa = XCBuildConfiguration;
			buildSettings = {
				ALWAYS_SEARCH_USER_PATHS = NO;
				ASSETCATALOG_COMPILER_GENERATE_SWIFT_ASSET_SYMBOL_EXTENSIONS = YES;
				CLANG_ANALYZER_NONNULL = YES;
				CLANG_ANALYZER_NUMBER_OBJECT_CONVERSION = YES_AGGRESSIVE;
				CLANG_CXX_LANGUAGE_STANDARD = "gnu++20";
				CLANG_ENABLE_MODULES = YES;
				CLANG_ENABLE_OBJC_ARC = YES;
				CLANG_ENABLE_OBJC_WEAK = YES;
				CLANG_WARN_BLOCK_CAPTURE_AUTORELEASING = YES;
				CLANG_WARN_BOOL_CONVERSION = YES;
				CLANG_WARN_COMMA = YES;
				CLANG_WARN_CONSTANT_CONVERSION = YES;
				CLANG_WARN_DEPRECATED_OBJC_IMPLEMENTATIONS = YES;
				CLANG_WARN_DIRECT_OBJC_ISA_USAGE = YES_ERROR;
				CLANG_WARN_DOCUMENTATION_COMMENTS = YES;
				CLANG_WARN_EMPTY_BODY = YES;
				CLANG_WARN_ENUM_CONVERSION = YES;
				CLANG_WARN_INFINITE_RECURSION = YES;
				CLANG_WARN_INT_CONVERSION = YES;
				CLANG_WARN_NON_LITERAL_NULL_CONVERSION = YES;
				CLANG_WARN_OBJC_IMPLICIT_RETAIN_SELF = YES;
				CLANG_WARN_OBJC_LITERAL_CONVERSION = YES;
				CLANG_WARN_OBJC_ROOT_CLASS = YES_ERROR;
				CLANG_WARN_QUOTED_INCLUDE_IN_FRAMEWORK_HEADER = YES;
				CLANG_WARN_RANGE_LOOP_ANALYSIS = YES;
				CLANG_WARN_STRICT_PROTOTYPES = YES;
				CLANG_WARN_SUSPICIOUS_MOVE = YES;
				CLANG_WARN_UNGUARDED_AVAILABILITY = YES_AGGRESSIVE;
				CLANG_WARN_UNREACHABLE_CODE = YES;
				CLANG_WARN__DUPLICATE_METHOD_MATCH = YES;
				COPY_PHASE_STRIP = NO;
				DEBUG_INFORMATION_FORMAT = "dwarf-with-dsym";
				ENABLE_NS_ASSERTIONS = NO;
				ENABLE_STRICT_OBJC_MSGSEND = YES;
				ENABLE_USER_SCRIPT_SANDBOXING = YES;
				GCC_C_LANGUAGE_STANDARD = gnu17;
				GCC_NO_COMMON_BLOCKS = YES;
				GCC_WARN_64_TO_32_BIT_CONVERSION = YES;
				GCC_WARN_ABOUT_RETURN_TYPE = YES_ERROR;
				GCC_WARN_UNDECLARED_SELECTOR = YES;
				GCC_WARN_UNINITIALIZED_AUTOS = YES_AGGRESSIVE;
				GCC_WARN_UNUSED_FUNCTION = YES;
				GCC_WARN_UNUSED_VARIABLE = YES;
				IPHONEOS_DEPLOYMENT_TARGET = 18.4;
				LOCALIZATION_PREFERS_STRING_CATALOGS = YES;
				MTL_ENABLE_DEBUG_INFO = NO;
				MTL_FAST_MATH = YES;
				SDKROOT = iphoneos;
				SWIFT_COMPILATION_MODE = wholemodule;
				VALIDATE_PRODUCT = YES;
			};
			name = Release;
		};
		D411ADC92DE078AF00E1779D /* Debug */ = {
			isa = XCBuildConfiguration;
			buildSettings = {
				ASSETCATALOG_COMPILER_APPICON_NAME = AppIcon;
				ASSETCATALOG_COMPILER_GLOBAL_ACCENT_COLOR_NAME = AccentColor;
				CODE_SIGN_STYLE = Automatic;
				CURRENT_PROJECT_VERSION = 1;
				DEVELOPMENT_TEAM = DPF8459C2J;
				ENABLE_PREVIEWS = YES;
				GENERATE_INFOPLIST_FILE = YES;
				INFOPLIST_FILE = Jimmy/Info.plist;
				INFOPLIST_KEY_NSAppleMusicUsageDescription = "To import your Apple Podcasts subscriptions";
				INFOPLIST_KEY_UIApplicationSceneManifest_Generation = YES;
				INFOPLIST_KEY_UIApplicationSupportsIndirectInputEvents = YES;
				INFOPLIST_KEY_UILaunchScreen_Generation = YES;
				INFOPLIST_KEY_UISupportedInterfaceOrientations_iPad = "UIInterfaceOrientationPortrait UIInterfaceOrientationPortraitUpsideDown UIInterfaceOrientationLandscapeLeft UIInterfaceOrientationLandscapeRight";
				INFOPLIST_KEY_UISupportedInterfaceOrientations_iPhone = "UIInterfaceOrientationPortrait UIInterfaceOrientationLandscapeLeft UIInterfaceOrientationLandscapeRight";
				LD_RUNPATH_SEARCH_PATHS = (
					"$(inherited)",
					"@executable_path/Frameworks",
				);
				MARKETING_VERSION = 1.0;
				PRODUCT_BUNDLE_IDENTIFIER = com.chenkahana.Jimmy;
				PRODUCT_NAME = "$(TARGET_NAME)";
				SWIFT_EMIT_LOC_STRINGS = YES;
				SWIFT_VERSION = 5.0;
				TARGETED_DEVICE_FAMILY = "1,2";
			};
			name = Debug;
		};
                D411ADCA2DE078AF00E1779D /* Release */ = {
                        isa = XCBuildConfiguration;
                        buildSettings = {
                                ASSETCATALOG_COMPILER_APPICON_NAME = AppIcon;
				ASSETCATALOG_COMPILER_GLOBAL_ACCENT_COLOR_NAME = AccentColor;
				CODE_SIGN_STYLE = Automatic;
				CURRENT_PROJECT_VERSION = 1;
				DEVELOPMENT_TEAM = DPF8459C2J;
				ENABLE_PREVIEWS = YES;
				GENERATE_INFOPLIST_FILE = YES;
				INFOPLIST_FILE = Jimmy/Info.plist;
				INFOPLIST_KEY_NSAppleMusicUsageDescription = "To import your Apple Podcasts subscriptions";
				INFOPLIST_KEY_UIApplicationSceneManifest_Generation = YES;
				INFOPLIST_KEY_UIApplicationSupportsIndirectInputEvents = YES;
				INFOPLIST_KEY_UILaunchScreen_Generation = YES;
				INFOPLIST_KEY_UISupportedInterfaceOrientations_iPad = "UIInterfaceOrientationPortrait UIInterfaceOrientationPortraitUpsideDown UIInterfaceOrientationLandscapeLeft UIInterfaceOrientationLandscapeRight";
				INFOPLIST_KEY_UISupportedInterfaceOrientations_iPhone = "UIInterfaceOrientationPortrait UIInterfaceOrientationLandscapeLeft UIInterfaceOrientationLandscapeRight";
				LD_RUNPATH_SEARCH_PATHS = (
					"$(inherited)",
					"@executable_path/Frameworks",
				);
				MARKETING_VERSION = 1.0;
				PRODUCT_BUNDLE_IDENTIFIER = com.chenkahana.Jimmy;
				PRODUCT_NAME = "$(TARGET_NAME)";
				SWIFT_EMIT_LOC_STRINGS = YES;
				SWIFT_VERSION = 5.0;
				TARGETED_DEVICE_FAMILY = "1,2";
			};
                        name = Release;
                };
                7f15b3bd2b2844e99caac831 /* Debug */ = {
                        isa = XCBuildConfiguration;
                        buildSettings = {
                                INFOPLIST_FILE = JimmyTests/Info.plist;
                                PRODUCT_BUNDLE_IDENTIFIER = com.chenkahana.JimmyTests;
                                PRODUCT_NAME = "$(TARGET_NAME)";
                                TARGETED_DEVICE_FAMILY = "1,2";
                                SWIFT_VERSION = 5.0;
                                IPHONEOS_DEPLOYMENT_TARGET = 18.4;
                                LD_RUNPATH_SEARCH_PATHS = (
                                        "$(inherited)",
                                        "@executable_path/Frameworks",
                                );
                        };
                        name = Debug;
                };
                918a5391d28a4056887b5920 /* Release */ = {
                        isa = XCBuildConfiguration;
                        buildSettings = {
                                INFOPLIST_FILE = JimmyTests/Info.plist;
                                PRODUCT_BUNDLE_IDENTIFIER = com.chenkahana.JimmyTests;
                                PRODUCT_NAME = "$(TARGET_NAME)";
                                TARGETED_DEVICE_FAMILY = "1,2";
                                SWIFT_VERSION = 5.0;
                                IPHONEOS_DEPLOYMENT_TARGET = 18.4;
                                LD_RUNPATH_SEARCH_PATHS = (
                                        "$(inherited)",
                                        "@executable_path/Frameworks",
                                );
                        };
                        name = Release;
                };
/* End XCBuildConfiguration section */

/* Begin XCConfigurationList section */
		D411ADB82DE078AE00E1779D /* Build configuration list for PBXProject "Jimmy" */ = {
			isa = XCConfigurationList;
			buildConfigurations = (
				D411ADC62DE078AF00E1779D /* Debug */,
				D411ADC72DE078AF00E1779D /* Release */,
			);
			defaultConfigurationIsVisible = 0;
			defaultConfigurationName = Release;
		};
                D411ADC82DE078AF00E1779D /* Build configuration list for PBXNativeTarget "Jimmy" */ = {
                        isa = XCConfigurationList;
                        buildConfigurations = (
                                D411ADC92DE078AF00E1779D /* Debug */,
                                D411ADCA2DE078AF00E1779D /* Release */,
                        );
                        defaultConfigurationIsVisible = 0;
                        defaultConfigurationName = Release;
                };
                2e34550305444bafa5e81198 /* Build configuration list for PBXNativeTarget "JimmyTests" */ = {
                        isa = XCConfigurationList;
                        buildConfigurations = (
                                7f15b3bd2b2844e99caac831 /* Debug */,
                                918a5391d28a4056887b5920 /* Release */,
                        );
                        defaultConfigurationIsVisible = 0;
                        defaultConfigurationName = Release;
                };
/* End XCConfigurationList section */
	};
	rootObject = D411ADB52DE078AE00E1779D /* Project object */;
}
